{
  "name": "tidy",
  "version": "1.0.0",
  "lockfileVersion": 2,
  "requires": true,
  "packages": {
    "": {
      "name": "tidy",
      "version": "1.0.0",
      "license": "ISC",
      "dependencies": {
        "exif": "^0.6.0",
        "exif-js": "^2.3.0",
        "fs-extra": "^10.0.1",
        "md5-file": "^5.0.0",
        "walker": "^1.0.8"
      },
      "devDependencies": {
        "@types/node": "^17.0.23",
        "prettier": "^2.6.1"
      }
    },
    "node_modules/@types/node": {
      "version": "17.0.23",
      "resolved": "https://registry.npmmirror.com/@types/node/-/node-17.0.23.tgz",
      "integrity": "sha512-UxDxWn7dl97rKVeVS61vErvw086aCYhDLyvRQZ5Rk65rZKepaFdm53GeqXaKBuOhED4e9uWq34IC3TdSdJJ2Gw==",
      "dev": true
    },
    "node_modules/debug": {
      "version": "2.6.9",
      "resolved": "https://registry.npmmirror.com/debug/-/debug-2.6.9.tgz",
      "integrity": "sha512-bC7ElrdJaJnPbAP+1EotYvqZsb3ecl5wi6Bfi6BJTUcNowp6cvspg0jXznRTKDjm/E7AdgFBVeAPVMNcKGsHMA==",
      "dependencies": {
        "ms": "2.0.0"
      }
    },
    "node_modules/exif": {
      "version": "0.6.0",
      "resolved": "https://registry.npmmirror.com/exif/-/exif-0.6.0.tgz",
      "integrity": "sha512-gEwM4uanNMfLnDNKclZ7jPEA99E3rpy4ntoS6QW8u6murZjl1o8qRaPdMoC46Syg3d9/QaET0bYKhWlTwJCPgg==",
      "dependencies": {
        "debug": "^2.2"
      }
    },
    "node_modules/exif-js": {
      "version": "2.3.0",
      "resolved": "https://registry.npmmirror.com/exif-js/-/exif-js-2.3.0.tgz",
      "integrity": "sha512-1Og9pAzG2FZRVlaavH8bB8BTeHcjMdJhKmeQITkX+uLRCD0xPtKAdZ2clZmQdJ56p9adXtJ8+jwrGp/4505lYg=="
    },
    "node_modules/fs-extra": {
      "version": "10.0.1",
      "resolved": "https://registry.npmmirror.com/fs-extra/-/fs-extra-10.0.1.tgz",
      "integrity": "sha512-NbdoVMZso2Lsrn/QwLXOy6rm0ufY2zEOKCDzJR/0kBsb0E6qed0P3iYK+Ath3BfvXEeu4JhEtXLgILx5psUfag==",
      "dependencies": {
        "graceful-fs": "^4.2.0",
        "jsonfile": "^6.0.1",
        "universalify": "^2.0.0"
      },
      "engines": {
        "node": ">=12"
      }
    },
    "node_modules/graceful-fs": {
      "version": "4.2.9",
      "resolved": "https://registry.npmmirror.com/graceful-fs/-/graceful-fs-4.2.9.tgz",
      "integrity": "sha512-NtNxqUcXgpW2iMrfqSfR73Glt39K+BLwWsPs94yR63v45T0Wbej7eRmL5cWfwEgqXnmjQp3zaJTshdRW/qC2ZQ=="
    },
    "node_modules/jsonfile": {
      "version": "6.1.0",
      "resolved": "https://registry.npmmirror.com/jsonfile/-/jsonfile-6.1.0.tgz",
      "integrity": "sha512-5dgndWOriYSm5cnYaJNhalLNDKOqFwyDB/rr1E9ZsGciGvKPs8R2xYGCacuf3z6K1YKDz182fd+fY3cn3pMqXQ==",
      "dependencies": {
        "universalify": "^2.0.0"
      },
      "optionalDependencies": {
        "graceful-fs": "^4.1.6"
      }
    },
    "node_modules/makeerror": {
      "version": "1.0.12",
      "resolved": "https://registry.npmmirror.com/makeerror/-/makeerror-1.0.12.tgz",
      "integrity": "sha512-JmqCvUhmt43madlpFzG4BQzG2Z3m6tvQDNKdClZnO3VbIudJYmxsT0FNJMeiB2+JTSlTQTSbU8QdesVmwJcmLg==",
      "dependencies": {
        "tmpl": "1.0.5"
      }
    },
    "node_modules/md5-file": {
      "version": "5.0.0",
      "resolved": "https://registry.npmmirror.com/md5-file/-/md5-file-5.0.0.tgz",
      "integrity": "sha512-xbEFXCYVWrSx/gEKS1VPlg84h/4L20znVIulKw6kMfmBUAZNAnF00eczz9ICMl+/hjQGo5KSXRxbL/47X3rmMw==",
      "bin": {
        "md5-file": "cli.js"
      },
      "engines": {
        "node": ">=10.13.0"
      }
    },
    "node_modules/ms": {
      "version": "2.0.0",
      "resolved": "https://registry.npmmirror.com/ms/-/ms-2.0.0.tgz",
      "integrity": "sha512-Tpp60P6IUJDTuOq/5Z8cdskzJujfwqfOTkrwIwj7IRISpnkJnT6SyJ4PCPnGMoFjC9ddhal5KVIYtAt97ix05A=="
    },
    "node_modules/prettier": {
      "version": "2.6.1",
      "resolved": "https://registry.npmmirror.com/prettier/-/prettier-2.6.1.tgz",
      "integrity": "sha512-8UVbTBYGwN37Bs9LERmxCPjdvPxlEowx2urIL6urHzdb3SDq4B/Z6xLFCblrSnE4iKWcS6ziJ3aOYrc1kz/E2A==",
      "dev": true,
      "bin": {
        "prettier": "bin-prettier.js"
      },
      "engines": {
        "node": ">=10.13.0"
      }
    },
    "node_modules/tmpl": {
      "version": "1.0.5",
      "resolved": "https://registry.npmmirror.com/tmpl/-/tmpl-1.0.5.tgz",
      "integrity": "sha512-3f0uOEAQwIqGuWW2MVzYg8fV/QNnc/IpuJNG837rLuczAaLVHslWHZQj4IGiEl5Hs3kkbhwL9Ab7Hrsmuj+Smw=="
    },
    "node_modules/universalify": {
      "version": "2.0.0",
      "resolved": "https://registry.npmmirror.com/universalify/-/universalify-2.0.0.tgz",
      "integrity": "sha512-hAZsKq7Yy11Zu1DE0OzWjw7nnLZmJZYTDZZyEFHZdUhV8FkH5MCfoU1XMaxXovpyW5nq5scPqq0ZDP9Zyl04oQ==",
      "engines": {
        "node": ">= 10.0.0"
      }
    },
    "node_modules/walker": {
      "version": "1.0.8",
      "resolved": "https://registry.npmmirror.com/walker/-/walker-1.0.8.tgz",
      "integrity": "sha512-ts/8E8l5b7kY0vlWLewOkDXMmPdLcVV4GmOQLyxuSswIJsweeFZtAsMF7k1Nszz+TYBQrlYRmzOnr398y1JemQ==",
      "dependencies": {
        "makeerror": "1.0.12"
      }
    }
  },
  "dependencies": {
    "@types/node": {
      "version": "17.0.23",
      "resolved": "https://registry.npmmirror.com/@types/node/-/node-17.0.23.tgz",
      "integrity": "sha512-UxDxWn7dl97rKVeVS61vErvw086aCYhDLyvRQZ5Rk65rZKepaFdm53GeqXaKBuOhED4e9uWq34IC3TdSdJJ2Gw==",
      "dev": true
    },
    "debug": {
      "version": "2.6.9",
      "resolved": "https://registry.npmmirror.com/debug/-/debug-2.6.9.tgz",
      "integrity": "sha512-bC7ElrdJaJnPbAP+1EotYvqZsb3ecl5wi6Bfi6BJTUcNowp6cvspg0jXznRTKDjm/E7AdgFBVeAPVMNcKGsHMA==",
      "requires": {
        "ms": "2.0.0"
      }
    },
    "exif": {
      "version": "0.6.0",
      "resolved": "https://registry.npmmirror.com/exif/-/exif-0.6.0.tgz",
      "integrity": "sha512-gEwM4uanNMfLnDNKclZ7jPEA99E3rpy4ntoS6QW8u6murZjl1o8qRaPdMoC46Syg3d9/QaET0bYKhWlTwJCPgg==",
      "requires": {
        "debug": "^2.2"
      }
    },
    "exif-js": {
      "version": "2.3.0",
      "resolved": "https://registry.npmmirror.com/exif-js/-/exif-js-2.3.0.tgz",
      "integrity": "sha512-1Og9pAzG2FZRVlaavH8bB8BTeHcjMdJhKmeQITkX+uLRCD0xPtKAdZ2clZmQdJ56p9adXtJ8+jwrGp/4505lYg=="
    },
    "fs-extra": {
      "version": "10.0.1",
      "resolved": "https://registry.npmmirror.com/fs-extra/-/fs-extra-10.0.1.tgz",
      "integrity": "sha512-NbdoVMZso2Lsrn/QwLXOy6rm0ufY2zEOKCDzJR/0kBsb0E6qed0P3iYK+Ath3BfvXEeu4JhEtXLgILx5psUfag==",
      "requires": {
        "graceful-fs": "^4.2.0",
        "jsonfile": "^6.0.1",
        "universalify": "^2.0.0"
      }
    },
    "graceful-fs": {
      "version": "4.2.9",
      "resolved": "https://registry.npmmirror.com/graceful-fs/-/graceful-fs-4.2.9.tgz",
      "integrity": "sha512-NtNxqUcXgpW2iMrfqSfR73Glt39K+BLwWsPs94yR63v45T0Wbej7eRmL5cWfwEgqXnmjQp3zaJTshdRW/qC2ZQ=="
    },
    "jsonfile": {
      "version": "6.1.0",
      "resolved": "https://registry.npmmirror.com/jsonfile/-/jsonfile-6.1.0.tgz",
      "integrity": "sha512-5dgndWOriYSm5cnYaJNhalLNDKOqFwyDB/rr1E9ZsGciGvKPs8R2xYGCacuf3z6K1YKDz182fd+fY3cn3pMqXQ==",
      "requires": {
        "graceful-fs": "^4.1.6",
        "universalify": "^2.0.0"
      }
    },
    "makeerror": {
      "version": "1.0.12",
      "resolved": "https://registry.npmmirror.com/makeerror/-/makeerror-1.0.12.tgz",
      "integrity": "sha512-JmqCvUhmt43madlpFzG4BQzG2Z3m6tvQDNKdClZnO3VbIudJYmxsT0FNJMeiB2+JTSlTQTSbU8QdesVmwJcmLg==",
      "requires": {
        "tmpl": "1.0.5"
      }
    },
    "md5-file": {
      "version": "5.0.0",
      "resolved": "https://registry.npmmirror.com/md5-file/-/md5-file-5.0.0.tgz",
      "integrity": "sha512-xbEFXCYVWrSx/gEKS1VPlg84h/4L20znVIulKw6kMfmBUAZNAnF00eczz9ICMl+/hjQGo5KSXRxbL/47X3rmMw=="
    },
    "ms": {
      "version": "2.0.0",
      "resolved": "https://registry.npmmirror.com/ms/-/ms-2.0.0.tgz",
      "integrity": "sha512-Tpp60P6IUJDTuOq/5Z8cdskzJujfwqfOTkrwIwj7IRISpnkJnT6SyJ4PCPnGMoFjC9ddhal5KVIYtAt97ix05A=="
    },
    "prettier": {
      "version": "2.6.1",
      "resolved": "https://registry.npmmirror.com/prettier/-/prettier-2.6.1.tgz",
      "integrity": "sha512-8UVbTBYGwN37Bs9LERmxCPjdvPxlEowx2urIL6urHzdb3SDq4B/Z6xLFCblrSnE4iKWcS6ziJ3aOYrc1kz/E2A==",
      "dev": true
    },
    "tmpl": {
      "version": "1.0.5",
      "resolved": "https://registry.npmmirror.com/tmpl/-/tmpl-1.0.5.tgz",
      "integrity": "sha512-3f0uOEAQwIqGuWW2MVzYg8fV/QNnc/IpuJNG837rLuczAaLVHslWHZQj4IGiEl5Hs3kkbhwL9Ab7Hrsmuj+Smw=="
    },
    "universalify": {
      "version": "2.0.0",
      "resolved": "https://registry.npmmirror.com/universalify/-/universalify-2.0.0.tgz",
      "integrity": "sha512-hAZsKq7Yy11Zu1DE0OzWjw7nnLZmJZYTDZZyEFHZdUhV8FkH5MCfoU1XMaxXovpyW5nq5scPqq0ZDP9Zyl04oQ=="
    },
    "walker": {
      "version": "1.0.8",
      "resolved": "https://registry.npmmirror.com/walker/-/walker-1.0.8.tgz",
      "integrity": "sha512-ts/8E8l5b7kY0vlWLewOkDXMmPdLcVV4GmOQLyxuSswIJsweeFZtAsMF7k1Nszz+TYBQrlYRmzOnr398y1JemQ==",
      "requires": {
        "makeerror": "1.0.12"
      }
    }
  }
}
